hash: 2daee11a4c0c357954e8f4ece43ddcbf02fd6d87fb16d686806cb4d92bddd32a
updated: 2016-12-05T16:39:07.392801658-06:00
imports:
- name: github.com/docopt/docopt-go
  version: 784ddc588536785e7299f7272f39101f7faccc3f
- name: github.com/elazarl/go-bindata-assetfs
  version: 9a6736ed45b44bf3835afeebb3034b57ed329f3e
- name: github.com/fsnotify/fsnotify
  version: 629574ca2a5df945712d3079857300b5e4da0236
- name: github.com/gin-gonic/gin
  version: e2212d40c62a98b388a5eb48ecbdcf88534688ba
  subpackages:
  - binding
  - render
- name: github.com/golang/protobuf
  version: 2402d76f3d41f928c7902a765dfc872356dd3aad
  subpackages:
  - proto
- name: github.com/hashicorp/hcl
  version: 99df0eb941dd8ddbc83d3f3605a34f6a686ac85e
  subpackages:
  - hcl/ast
  - hcl/parser
  - hcl/scanner
  - hcl/strconv
  - hcl/token
  - json/parser
  - json/scanner
  - json/token
- name: github.com/kr/fs
  version: 2788f0dbd16903de03cb8186e5c7d97b69ad387b
- name: github.com/magiconair/properties
  version: c265cfa48dda6474e208715ca93e987829f572f8
- name: github.com/manucorporat/sse
  version: ee05b128a739a0fb76c7ebd3ae4810c1de808d6d
- name: github.com/mattn/go-isatty
  version: 3a115632dcd687f9c8cd01679c83a06a0e21c1f3
- name: github.com/mitchellh/mapstructure
  version: ca63d7c062ee3c9f34db231e352b60012b4fd0c1
- name: github.com/pelletier/go-buffruneio
  version: df1e16fde7fc330a0ca68167c23bf7ed6ac31d6d
- name: github.com/pelletier/go-toml
  version: 64ff1ea4d585bc1fca65e6331eb8239f2ff31845
- name: github.com/pkg/errors
  version: 17b591df37844cde689f4d5813e5cea0927d8dd2
- name: github.com/pkg/sftp
  version: 8197a2e580736b78d704be0fc47b2324c0591a32
- name: github.com/spf13/afero
  version: 20500e2abd0d1f4564a499e83d11d6c73cd58c27
  subpackages:
  - mem
  - sftp
- name: github.com/spf13/cast
  version: e31f36ffc91a2ba9ddb72a4b6a607ff9b3d3cb63
- name: github.com/spf13/jwalterweatherman
  version: 33c24e77fb80341fe7130ee7c594256ff08ccc46
- name: github.com/spf13/pflag
  version: 6fd2ff4ff8dfcdf5556fbdc0ac0284408274b1a7
- name: github.com/spf13/viper
  version: 16990631d4aa7e38f73dbbbf37fa13e67c648531
- name: golang.org/x/crypto
  version: 05d11b2ca14108dfc7f74f4f66b28c7fe92e1fd0
  subpackages:
  - curve25519
  - ed25519
  - ed25519/internal/edwards25519
  - ssh
- name: golang.org/x/net
  version: f315505cf3349909cdf013ea56690da34e96a451
  subpackages:
  - context
- name: golang.org/x/sys
  version: 30de6d19a3bd89a5f38ae4028e23aaa5582648af
  subpackages:
  - unix
- name: golang.org/x/text
  version: 1e65e9bf72c307081cea196f47ef37aed17eb316
  subpackages:
  - transform
  - unicode/norm
- name: gopkg.in/go-playground/validator.v8
  version: c193cecd124b5cc722d7ee5538e945bdb3348435
- name: gopkg.in/yaml.v2
  version: e4d366fc3c7938e2958e662b4258c7a89e1f0e3e
testImports: []
